// !$*UTF8*$!
{
	archiveVersion = 1;
	classes = {
	};
	objectVersion = 77;
	objects = {

/* Begin PBXBuildFile section */
		11814E372EEE510200F75A7D /* FirebaseAI in Frameworks */ = {isa = PBXBuildFile; productRef = 11814E362EEE510200F75A7D /* FirebaseAI */; };
		11814E392EEE510200F75A7D /* FirebaseAILogic in Frameworks */ = {isa = PBXBuildFile; productRef = 11814E382EEE510200F75A7D /* FirebaseAILogic */; };
		11814E3B2EEE510200F75A7D /* FirebaseAnalytics in Frameworks */ = {isa = PBXBuildFile; productRef = 11814E3A2EEE510200F75A7D /* FirebaseAnalytics */; };
		11814E3D2EEE510200F75A7D /* FirebaseAnalyticsCore in Frameworks */ = {isa = PBXBuildFile; productRef = 11814E3C2EEE510200F75A7D /* FirebaseAnalyticsCore */; };
		11814E3F2EEE510200F75A7D /* FirebaseAnalyticsIdentitySupport in Frameworks */ = {isa = PBXBuildFile; productRef = 11814E3E2EEE510200F75A7D /* FirebaseAnalyticsIdentitySupport */; };
		11814E422EEE513A00F75A7D /* GoogleSignIn in Frameworks */ = {isa = PBXBuildFile; productRef = 11814E412EEE513A00F75A7D /* GoogleSignIn */; };
		11814E442EEE513A00F75A7D /* GoogleSignInSwift in Frameworks */ = {isa = PBXBuildFile; productRef = 11814E432EEE513A00F75A7D /* GoogleSignInSwift */; };
		11814E472EEE518A00F75A7D /* ColorPickerRing in Frameworks */ = {isa = PBXBuildFile; productRef = 11814E462EEE518A00F75A7D /* ColorPickerRing */; };
		11814E4F2EEE52CD00F75A7D /* Starscream in Frameworks */ = {isa = PBXBuildFile; productRef = 11814E4E2EEE52CD00F75A7D /* Starscream */; };
		11814E512EEE541B00F75A7D /* FirebaseAuth in Frameworks */ = {isa = PBXBuildFile; productRef = 11814E502EEE541B00F75A7D /* FirebaseAuth */; };
		11814E532EEE542700F75A7D /* FirebaseFirestore in Frameworks */ = {isa = PBXBuildFile; productRef = 11814E522EEE542700F75A7D /* FirebaseFirestore */; };
/* End PBXBuildFile section */

/* Begin PBXFileReference section */
		110DBD492EC8C2F20046EDD2 /* IoTDashboard.app */ = {isa = PBXFileReference; explicitFileType = wrapper.application; includeInIndex = 0; path = IoTDashboard.app; sourceTree = BUILT_PRODUCTS_DIR; };
		11DD276F2EEE492F0089E134 /* firebase-ios-sdk-12.7.0 */ = {isa = PBXFileReference; lastKnownFileType = wrapper; name = "firebase-ios-sdk-12.7.0"; path = "SRC/firebase-ios-sdk-12.7.0"; sourceTree = "<group>"; };
/* End PBXFileReference section */

/* Begin PBXFileSystemSynchronizedBuildFileExceptionSet section */
		110DBD8C2EC8D14E0046EDD2 /* Exceptions for "IoTDashboard" folder in "IoTDashboard" target */ = {
			isa = PBXFileSystemSynchronizedBuildFileExceptionSet;
			membershipExceptions = (
				Info.plist,
			);
			target = 110DBD482EC8C2F20046EDD2 /* IoTDashboard */;
		};
/* End PBXFileSystemSynchronizedBuildFileExceptionSet section */

/* Begin PBXFileSystemSynchronizedRootGroup section */
		110DBD4B2EC8C2F20046EDD2 /* IoTDashboard */ = {
			isa = PBXFileSystemSynchronizedRootGroup;
			exceptions = (
				110DBD8C2EC8D14E0046EDD2 /* Exceptions for "IoTDashboard" folder in "IoTDashboard" target */,
			);
			path = IoTDashboard;
			sourceTree = "<group>";
		};
/* End PBXFileSystemSynchronizedRootGroup section */

/* Begin PBXFrameworksBuildPhase section */
		110DBD462EC8C2F20046EDD2 /* Frameworks */ = {
			isa = PBXFrameworksBuildPhase;
			buildActionMask = 2147483647;
			files = (
				11814E392EEE510200F75A7D /* FirebaseAILogic in Frameworks */,
				11814E512EEE541B00F75A7D /* FirebaseAuth in Frameworks */,
				11814E3F2EEE510200F75A7D /* FirebaseAnalyticsIdentitySupport in Frameworks */,
				11814E4F2EEE52CD00F75A7D /* Starscream in Frameworks */,
				11814E442EEE513A00F75A7D /* GoogleSignInSwift in Frameworks */,
				11814E372EEE510200F75A7D /* FirebaseAI in Frameworks */,
				11814E472EEE518A00F75A7D /* ColorPickerRing in Frameworks */,
				11814E3B2EEE510200F75A7D /* FirebaseAnalytics in Frameworks */,
				11814E3D2EEE510200F75A7D /* FirebaseAnalyticsCore in Frameworks */,
				11814E532EEE542700F75A7D /* FirebaseFirestore in Frameworks */,
				11814E422EEE513A00F75A7D /* GoogleSignIn in Frameworks */,
			);
			runOnlyForDeploymentPostprocessing = 0;
		};
/* End PBXFrameworksBuildPhase section */

/* Begin PBXGroup section */
		110DBD402EC8C2F20046EDD2 = {
			isa = PBXGroup;
			children = (
				110DBD4B2EC8C2F20046EDD2 /* IoTDashboard */,
				110DBD9F2EC9A5860046EDD2 /* Frameworks */,
				110DBD4A2EC8C2F20046EDD2 /* Products */,
			);
			sourceTree = "<group>";
		};
		110DBD4A2EC8C2F20046EDD2 /* Products */ = {
			isa = PBXGroup;
			children = (
				110DBD492EC8C2F20046EDD2 /* IoTDashboard.app */,
			);
			name = Products;
			sourceTree = "<group>";
		};
		110DBD9F2EC9A5860046EDD2 /* Frameworks */ = {
			isa = PBXGroup;
			children = (
				11DD276F2EEE492F0089E134 /* firebase-ios-sdk-12.7.0 */,
			);
			name = Frameworks;
			sourceTree = "<group>";
		};
/* End PBXGroup section */

/* Begin PBXNativeTarget section */
		110DBD482EC8C2F20046EDD2 /* IoTDashboard */ = {
			isa = PBXNativeTarget;
			buildConfigurationList = 110DBD542EC8C2F40046EDD2 /* Build configuration list for PBXNativeTarget "IoTDashboard" */;
			buildPhases = (
				110DBD452EC8C2F20046EDD2 /* Sources */,
				110DBD462EC8C2F20046EDD2 /* Frameworks */,
				110DBD472EC8C2F20046EDD2 /* Resources */,
			);
			buildRules = (
			);
			dependencies = (
			);
			fileSystemSynchronizedGroups = (
				110DBD4B2EC8C2F20046EDD2 /* IoTDashboard */,
			);
			name = IoTDashboard;
			packageProductDependencies = (
				11814E362EEE510200F75A7D /* FirebaseAI */,
				11814E382EEE510200F75A7D /* FirebaseAILogic */,
				11814E3A2EEE510200F75A7D /* FirebaseAnalytics */,
				11814E3C2EEE510200F75A7D /* FirebaseAnalyticsCore */,
				11814E3E2EEE510200F75A7D /* FirebaseAnalyticsIdentitySupport */,
				11814E412EEE513A00F75A7D /* GoogleSignIn */,
				11814E432EEE513A00F75A7D /* GoogleSignInSwift */,
				11814E462EEE518A00F75A7D /* ColorPickerRing */,
				11814E4E2EEE52CD00F75A7D /* Starscream */,
				11814E502EEE541B00F75A7D /* FirebaseAuth */,
				11814E522EEE542700F75A7D /* FirebaseFirestore */,
			);
			productName = IoTDashboard;
			productReference = 110DBD492EC8C2F20046EDD2 /* IoTDashboard.app */;
			productType = "com.apple.product-type.application";
		};
/* End PBXNativeTarget section */

/* Begin PBXProject section */
		110DBD412EC8C2F20046EDD2 /* Project object */ = {
			isa = PBXProject;
			attributes = {
				BuildIndependentTargetsInParallel = 1;
				LastSwiftUpdateCheck = 2610;
				LastUpgradeCheck = 2620;
				TargetAttributes = {
					110DBD482EC8C2F20046EDD2 = {
						CreatedOnToolsVersion = 26.1.1;
					};
				};
			};
			buildConfigurationList = 110DBD442EC8C2F20046EDD2 /* Build configuration list for PBXProject "IoTDashboard" */;
			developmentRegion = en;
			hasScannedForEncodings = 0;
			knownRegions = (
				en,
				Base,
			);
			mainGroup = 110DBD402EC8C2F20046EDD2;
			minimizedProjectReferenceProxies = 1;
			packageReferences = (
				11814E352EEE510200F75A7D /* XCRemoteSwiftPackageReference "firebase-ios-sdk" */,
				11814E402EEE513A00F75A7D /* XCRemoteSwiftPackageReference "GoogleSignIn-iOS" */,
				11814E452EEE518A00F75A7D /* XCRemoteSwiftPackageReference "ColorPicker" */,
				11814E4D2EEE52CD00F75A7D /* XCRemoteSwiftPackageReference "Starscream" */,
			);
			preferredProjectObjectVersion = 77;
			productRefGroup = 110DBD4A2EC8C2F20046EDD2 /* Products */;
			projectDirPath = "";
			projectRoot = "";
			targets = (
				110DBD482EC8C2F20046EDD2 /* IoTDashboard */,
			);
		};
/* End PBXProject section */

/* Begin PBXResourcesBuildPhase section */
		110DBD472EC8C2F20046EDD2 /* Resources */ = {
			isa = PBXResourcesBuildPhase;
			buildActionMask = 2147483647;
			files = (
			);
			runOnlyForDeploymentPostprocessing = 0;
		};
/* End PBXResourcesBuildPhase section */

/* Begin PBXSourcesBuildPhase section */
		110DBD452EC8C2F20046EDD2 /* Sources */ = {
			isa = PBXSourcesBuildPhase;
			buildActionMask = 2147483647;
			files = (
			);
			runOnlyForDeploymentPostprocessing = 0;
		};
/* End PBXSourcesBuildPhase section */

/* Begin XCBuildConfiguration section */
		110DBD522EC8C2F40046EDD2 /* Debug */ = {
			isa = XCBuildConfiguration;
			buildSettings = {
				ALWAYS_SEARCH_USER_PATHS = NO;
				ASSETCATALOG_COMPILER_GENERATE_SWIFT_ASSET_SYMBOL_EXTENSIONS = YES;
				CLANG_ANALYZER_NONNULL = YES;
				CLANG_ANALYZER_NUMBER_OBJECT_CONVERSION = YES_AGGRESSIVE;
				CLANG_CXX_LANGUAGE_STANDARD = "gnu++20";
				CLANG_ENABLE_MODULES = YES;
				CLANG_ENABLE_OBJC_ARC = YES;
				CLANG_ENABLE_OBJC_WEAK = YES;
				CLANG_WARN_BLOCK_CAPTURE_AUTORELEASING = YES;
				CLANG_WARN_BOOL_CONVERSION = YES;
				CLANG_WARN_COMMA = YES;
				CLANG_WARN_CONSTANT_CONVERSION = YES;
				CLANG_WARN_DEPRECATED_OBJC_IMPLEMENTATIONS = YES;
				CLANG_WARN_DIRECT_OBJC_ISA_USAGE = YES_ERROR;
				CLANG_WARN_DOCUMENTATION_COMMENTS = YES;
				CLANG_WARN_EMPTY_BODY = YES;
				CLANG_WARN_ENUM_CONVERSION = YES;
				CLANG_WARN_INFINITE_RECURSION = YES;
				CLANG_WARN_INT_CONVERSION = YES;
				CLANG_WARN_NON_LITERAL_NULL_CONVERSION = YES;
				CLANG_WARN_OBJC_IMPLICIT_RETAIN_SELF = YES;
				CLANG_WARN_OBJC_LITERAL_CONVERSION = YES;
				CLANG_WARN_OBJC_ROOT_CLASS = YES_ERROR;
				CLANG_WARN_QUOTED_INCLUDE_IN_FRAMEWORK_HEADER = YES;
				CLANG_WARN_RANGE_LOOP_ANALYSIS = YES;
				CLANG_WARN_STRICT_PROTOTYPES = YES;
				CLANG_WARN_SUSPICIOUS_MOVE = YES;
				CLANG_WARN_UNGUARDED_AVAILABILITY = YES_AGGRESSIVE;
				CLANG_WARN_UNREACHABLE_CODE = YES;
				CLANG_WARN__DUPLICATE_METHOD_MATCH = YES;
				COPY_PHASE_STRIP = NO;
				DEBUG_INFORMATION_FORMAT = dwarf;
				DEVELOPMENT_TEAM = 67LY223DRB;
				ENABLE_STRICT_OBJC_MSGSEND = YES;
				ENABLE_TESTABILITY = YES;
				ENABLE_USER_SCRIPT_SANDBOXING = YES;
				GCC_C_LANGUAGE_STANDARD = gnu17;
				GCC_DYNAMIC_NO_PIC = NO;
				GCC_NO_COMMON_BLOCKS = YES;
				GCC_OPTIMIZATION_LEVEL = 0;
				GCC_PREPROCESSOR_DEFINITIONS = (
					"DEBUG=1",
					"$(inherited)",
				);
				GCC_WARN_64_TO_32_BIT_CONVERSION = YES;
				GCC_WARN_ABOUT_RETURN_TYPE = YES_ERROR;
				GCC_WARN_UNDECLARED_SELECTOR = YES;
				GCC_WARN_UNINITIALIZED_AUTOS = YES_AGGRESSIVE;
				GCC_WARN_UNUSED_FUNCTION = YES;
				GCC_WARN_UNUSED_VARIABLE = YES;
				IPHONEOS_DEPLOYMENT_TARGET = 26.1;
				LOCALIZATION_PREFERS_STRING_CATALOGS = YES;
				MTL_ENABLE_DEBUG_INFO = INCLUDE_SOURCE;
				MTL_FAST_MATH = YES;
				ONLY_ACTIVE_ARCH = YES;
				SDKROOT = iphoneos;
				STRING_CATALOG_GENERATE_SYMBOLS = YES;
				SWIFT_ACTIVE_COMPILATION_CONDITIONS = "DEBUG $(inherited)";
				SWIFT_OPTIMIZATION_LEVEL = "-Onone";
			};
			name = Debug;
		};
		110DBD532EC8C2F40046EDD2 /* Release */ = {
			isa = XCBuildConfiguration;
			buildSettings = {
				ALWAYS_SEARCH_USER_PATHS = NO;
				ASSETCATALOG_COMPILER_GENERATE_SWIFT_ASSET_SYMBOL_EXTENSIONS = YES;
				CLANG_ANALYZER_NONNULL = YES;
				CLANG_ANALYZER_NUMBER_OBJECT_CONVERSION = YES_AGGRESSIVE;
				CLANG_CXX_LANGUAGE_STANDARD = "gnu++20";
				CLANG_ENABLE_MODULES = YES;
				CLANG_ENABLE_OBJC_ARC = YES;
				CLANG_ENABLE_OBJC_WEAK = YES;
				CLANG_WARN_BLOCK_CAPTURE_AUTORELEASING = YES;
				CLANG_WARN_BOOL_CONVERSION = YES;
				CLANG_WARN_COMMA = YES;
				CLANG_WARN_CONSTANT_CONVERSION = YES;
				CLANG_WARN_DEPRECATED_OBJC_IMPLEMENTATIONS = YES;
				CLANG_WARN_DIRECT_OBJC_ISA_USAGE = YES_ERROR;
				CLANG_WARN_DOCUMENTATION_COMMENTS = YES;
				CLANG_WARN_EMPTY_BODY = YES;
				CLANG_WARN_ENUM_CONVERSION = YES;
				CLANG_WARN_INFINITE_RECURSION = YES;
				CLANG_WARN_INT_CONVERSION = YES;
				CLANG_WARN_NON_LITERAL_NULL_CONVERSION = YES;
				CLANG_WARN_OBJC_IMPLICIT_RETAIN_SELF = YES;
				CLANG_WARN_OBJC_LITERAL_CONVERSION = YES;
				CLANG_WARN_OBJC_ROOT_CLASS = YES_ERROR;
				CLANG_WARN_QUOTED_INCLUDE_IN_FRAMEWORK_HEADER = YES;
				CLANG_WARN_RANGE_LOOP_ANALYSIS = YES;
				CLANG_WARN_STRICT_PROTOTYPES = YES;
				CLANG_WARN_SUSPICIOUS_MOVE = YES;
				CLANG_WARN_UNGUARDED_AVAILABILITY = YES_AGGRESSIVE;
				CLANG_WARN_UNREACHABLE_CODE = YES;
				CLANG_WARN__DUPLICATE_METHOD_MATCH = YES;
				COPY_PHASE_STRIP = NO;
				DEBUG_INFORMATION_FORMAT = "dwarf-with-dsym";
				DEVELOPMENT_TEAM = 67LY223DRB;
				ENABLE_NS_ASSERTIONS = NO;
				ENABLE_STRICT_OBJC_MSGSEND = YES;
				ENABLE_USER_SCRIPT_SANDBOXING = YES;
				GCC_C_LANGUAGE_STANDARD = gnu17;
				GCC_NO_COMMON_BLOCKS = YES;
				GCC_WARN_64_TO_32_BIT_CONVERSION = YES;
				GCC_WARN_ABOUT_RETURN_TYPE = YES_ERROR;
				GCC_WARN_UNDECLARED_SELECTOR = YES;
				GCC_WARN_UNINITIALIZED_AUTOS = YES_AGGRESSIVE;
				GCC_WARN_UNUSED_FUNCTION = YES;
				GCC_WARN_UNUSED_VARIABLE = YES;
				IPHONEOS_DEPLOYMENT_TARGET = 26.1;
				LOCALIZATION_PREFERS_STRING_CATALOGS = YES;
				MTL_ENABLE_DEBUG_INFO = NO;
				MTL_FAST_MATH = YES;
				SDKROOT = iphoneos;
				STRING_CATALOG_GENERATE_SYMBOLS = YES;
				SWIFT_COMPILATION_MODE = wholemodule;
				VALIDATE_PRODUCT = YES;
			};
			name = Release;
		};
		110DBD552EC8C2F40046EDD2 /* Debug */ = {
			isa = XCBuildConfiguration;
			buildSettings = {
				ASSETCATALOG_COMPILER_APPICON_NAME = AppIcon;
				ASSETCATALOG_COMPILER_GLOBAL_ACCENT_COLOR_NAME = AccentColor;
				CODE_SIGN_STYLE = Automatic;
				CURRENT_PROJECT_VERSION = 1;
				DEVELOPMENT_TEAM = 67LY223DRB;
				ENABLE_PREVIEWS = YES;
				GENERATE_INFOPLIST_FILE = YES;
				INFOPLIST_FILE = IoTDashboard/Info.plist;
				INFOPLIST_KEY_NSBluetoothAlwaysUsageDescription = "Necessário para configurar dispositivos IoT via Bluetooth";
				INFOPLIST_KEY_NSBluetoothPeripheralUsageDescription = "Necessário para conectar aos dispositivos ESP32";
				INFOPLIST_KEY_NSLocalNetworkUsageDescription = "A IOT Dashboard precisa de aceder a rede local para encontrar dispositivos.";
				INFOPLIST_KEY_UIApplicationSceneManifest_Generation = YES;
				INFOPLIST_KEY_UIApplicationSupportsIndirectInputEvents = YES;
				INFOPLIST_KEY_UILaunchScreen_Generation = YES;
				INFOPLIST_KEY_UISupportedInterfaceOrientations = UIInterfaceOrientationPortrait;
				INFOPLIST_KEY_UISupportedInterfaceOrientations_iPad = "UIInterfaceOrientationLandscapeLeft UIInterfaceOrientationLandscapeRight UIInterfaceOrientationPortrait";
				LD_RUNPATH_SEARCH_PATHS = (
					"$(inherited)",
					"@executable_path/Frameworks",
				);
				MARKETING_VERSION = 3.6.5;
				PRODUCT_BUNDLE_IDENTIFIER = com.mylab.IoTDashboard;
				PRODUCT_NAME = "$(TARGET_NAME)";
				STRING_CATALOG_GENERATE_SYMBOLS = YES;
				SWIFT_APPROACHABLE_CONCURRENCY = YES;
				SWIFT_DEFAULT_ACTOR_ISOLATION = MainActor;
				SWIFT_EMIT_LOC_STRINGS = YES;
				SWIFT_UPCOMING_FEATURE_MEMBER_IMPORT_VISIBILITY = YES;
				SWIFT_VERSION = 5.0;
				TARGETED_DEVICE_FAMILY = "1,2";
			};
			name = Debug;
		};
		110DBD562EC8C2F40046EDD2 /* Release */ = {
			isa = XCBuildConfiguration;
			buildSettings = {
				ASSETCATALOG_COMPILER_APPICON_NAME = AppIcon;
				ASSETCATALOG_COMPILER_GLOBAL_ACCENT_COLOR_NAME = AccentColor;
				CODE_SIGN_STYLE = Automatic;
				CURRENT_PROJECT_VERSION = 1;
				DEVELOPMENT_TEAM = 67LY223DRB;
				ENABLE_PREVIEWS = YES;
				GENERATE_INFOPLIST_FILE = YES;
				INFOPLIST_FILE = IoTDashboard/Info.plist;
				INFOPLIST_KEY_NSBluetoothAlwaysUsageDescription = "Necessário para configurar dispositivos IoT via Bluetooth";
				INFOPLIST_KEY_NSBluetoothPeripheralUsageDescription = "Necessário para conectar aos dispositivos ESP32";
				INFOPLIST_KEY_NSLocalNetworkUsageDescription = "A IOT Dashboard precisa de aceder a rede local para encontrar dispositivos.";
				INFOPLIST_KEY_UIApplicationSceneManifest_Generation = YES;
				INFOPLIST_KEY_UIApplicationSupportsIndirectInputEvents = YES;
				INFOPLIST_KEY_UILaunchScreen_Generation = YES;
				INFOPLIST_KEY_UISupportedInterfaceOrientations = UIInterfaceOrientationPortrait;
				INFOPLIST_KEY_UISupportedInterfaceOrientations_iPad = "UIInterfaceOrientationLandscapeLeft UIInterfaceOrientationLandscapeRight UIInterfaceOrientationPortrait";
				LD_RUNPATH_SEARCH_PATHS = (
					"$(inherited)",
					"@executable_path/Frameworks",
				);
				MARKETING_VERSION = 3.6.5;
				PRODUCT_BUNDLE_IDENTIFIER = com.mylab.IoTDashboard;
				PRODUCT_NAME = "$(TARGET_NAME)";
				STRING_CATALOG_GENERATE_SYMBOLS = YES;
				SWIFT_APPROACHABLE_CONCURRENCY = YES;
				SWIFT_DEFAULT_ACTOR_ISOLATION = MainActor;
				SWIFT_EMIT_LOC_STRINGS = YES;
				SWIFT_UPCOMING_FEATURE_MEMBER_IMPORT_VISIBILITY = YES;
				SWIFT_VERSION = 5.0;
				TARGETED_DEVICE_FAMILY = "1,2";
			};
			name = Release;
		};
/* End XCBuildConfiguration section */

/* Begin XCConfigurationList section */
		110DBD442EC8C2F20046EDD2 /* Build configuration list for PBXProject "IoTDashboard" */ = {
			isa = XCConfigurationList;
			buildConfigurations = (
				110DBD522EC8C2F40046EDD2 /* Debug */,
				110DBD532EC8C2F40046EDD2 /* Release */,
			);
			defaultConfigurationIsVisible = 0;
			defaultConfigurationName = Release;
		};
		110DBD542EC8C2F40046EDD2 /* Build configuration list for PBXNativeTarget "IoTDashboard" */ = {
			isa = XCConfigurationList;
			buildConfigurations = (
				110DBD552EC8C2F40046EDD2 /* Debug */,
				110DBD562EC8C2F40046EDD2 /* Release */,
			);
			defaultConfigurationIsVisible = 0;
			defaultConfigurationName = Release;
		};
/* End XCConfigurationList section */

/* Begin XCRemoteSwiftPackageReference section */
		11814E352EEE510200F75A7D /* XCRemoteSwiftPackageReference "firebase-ios-sdk" */ = {
			isa = XCRemoteSwiftPackageReference;
			repositoryURL = "https://github.com/firebase/firebase-ios-sdk";
			requirement = {
				kind = upToNextMajorVersion;
				minimumVersion = 12.7.0;
			};
		};
		11814E402EEE513A00F75A7D /* XCRemoteSwiftPackageReference "GoogleSignIn-iOS" */ = {
			isa = XCRemoteSwiftPackageReference;
			repositoryURL = "https://github.com/google/GoogleSignIn-iOS";
			requirement = {
				kind = upToNextMajorVersion;
				minimumVersion = 9.0.0;
			};
		};
		11814E452EEE518A00F75A7D /* XCRemoteSwiftPackageReference "ColorPicker" */ = {
			isa = XCRemoteSwiftPackageReference;
			repositoryURL = "https://github.com/hendriku/ColorPicker";
			requirement = {
				kind = upToNextMajorVersion;
				minimumVersion = 2.1.0;
			};
		};
		11814E4D2EEE52CD00F75A7D /* XCRemoteSwiftPackageReference "Starscream" */ = {
			isa = XCRemoteSwiftPackageReference;
			repositoryURL = "https://github.com/daltoniam/Starscream";
			requirement = {
				kind = upToNextMajorVersion;
				minimumVersion = 4.0.8;
			};
		};
/* End XCRemoteSwiftPackageReference section */

/* Begin XCSwiftPackageProductDependency section */
		11814E362EEE510200F75A7D /* FirebaseAI */ = {
			isa = XCSwiftPackageProductDependency;
			package = 11814E352EEE510200F75A7D /* XCRemoteSwiftPackageReference "firebase-ios-sdk" */;
			productName = FirebaseAI;
		};
		11814E382EEE510200F75A7D /* FirebaseAILogic */ = {
			isa = XCSwiftPackageProductDependency;
			package = 11814E352EEE510200F75A7D /* XCRemoteSwiftPackageReference "firebase-ios-sdk" */;
			productName = FirebaseAILogic;
		};
		11814E3A2EEE510200F75A7D /* FirebaseAnalytics */ = {
			isa = XCSwiftPackageProductDependency;
			package = 11814E352EEE510200F75A7D /* XCRemoteSwiftPackageReference "firebase-ios-sdk" */;
			productName = FirebaseAnalytics;
		};
		11814E3C2EEE510200F75A7D /* FirebaseAnalyticsCore */ = {
			isa = XCSwiftPackageProductDependency;
			package = 11814E352EEE510200F75A7D /* XCRemoteSwiftPackageReference "firebase-ios-sdk" */;
			productName = FirebaseAnalyticsCore;
		};
		11814E3E2EEE510200F75A7D /* FirebaseAnalyticsIdentitySupport */ = {
			isa = XCSwiftPackageProductDependency;
			package = 11814E352EEE510200F75A7D /* XCRemoteSwiftPackageReference "firebase-ios-sdk" */;
			productName = FirebaseAnalyticsIdentitySupport;
		};
		11814E412EEE513A00F75A7D /* GoogleSignIn */ = {
			isa = XCSwiftPackageProductDependency;
			package = 11814E402EEE513A00F75A7D /* XCRemoteSwiftPackageReference "GoogleSignIn-iOS" */;
			productName = GoogleSignIn;
		};
		11814E432EEE513A00F75A7D /* GoogleSignInSwift */ = {
			isa = XCSwiftPackageProductDependency;
			package = 11814E402EEE513A00F75A7D /* XCRemoteSwiftPackageReference "GoogleSignIn-iOS" */;
			productName = GoogleSignInSwift;
		};
		11814E462EEE518A00F75A7D /* ColorPickerRing */ = {
			isa = XCSwiftPackageProductDependency;
			package = 11814E452EEE518A00F75A7D /* XCRemoteSwiftPackageReference "ColorPicker" */;
			productName = ColorPickerRing;
		};
		11814E4E2EEE52CD00F75A7D /* Starscream */ = {
			isa = XCSwiftPackageProductDependency;
			package = 11814E4D2EEE52CD00F75A7D /* XCRemoteSwiftPackageReference "Starscream" */;
			productName = Starscream;
		};
		11814E502EEE541B00F75A7D /* FirebaseAuth */ = {
			isa = XCSwiftPackageProductDependency;
			package = 11814E352EEE510200F75A7D /* XCRemoteSwiftPackageReference "firebase-ios-sdk" */;
			productName = FirebaseAuth;
		};
		11814E522EEE542700F75A7D /* FirebaseFirestore */ = {
			isa = XCSwiftPackageProductDependency;
			package = 11814E352EEE510200F75A7D /* XCRemoteSwiftPackageReference "firebase-ios-sdk" */;
			productName = FirebaseFirestore;
		};
/* End XCSwiftPackageProductDependency section */
	};
	rootObject = 110DBD412EC8C2F20046EDD2 /* Project object */;
}
